
Microsoft Visual Studio Solution File, Format Version 12.00
# Visual Studio Version 16
VisualStudioVersion = 16.0.31613.86
MinimumVisualStudioVersion = 10.0.40219.1
Project("{FAE04EC0-301F-11D3-BF4B-00C04F79EFBC}") = "DIO.Series", "DIO.Series\DIO.Series.csproj", "{EC2360EA-4365-437A-9297-7889885202F2}"
EndProject
Global
	GlobalSection(SolutionConfigurationPlatforms) = preSolution
		Debug|Any CPU = Debug|Any CPU
		Release|Any CPU = Release|Any CPU
	EndGlobalSection
	GlobalSection(ProjectConfigurationPlatforms) = postSolution
		{EC2360EA-4365-437A-9297-7889885202F2}.Debug|Any CPU.ActiveCfg = Debug|Any CPU
		{EC2360EA-4365-437A-9297-7889885202F2}.Debug|Any CPU.Build.0 = Debug|Any CPU
		{EC2360EA-4365-437A-9297-7889885202F2}.Release|Any CPU.ActiveCfg = Release|Any CPU
		{EC2360EA-4365-437A-9297-7889885202F2}.Release|Any CPU.Build.0 = Release|Any CPU
	EndGlobalSection
	GlobalSection(SolutionProperties) = preSolution
		HideSolutionNode = FALSE
	EndGlobalSection
	GlobalSection(ExtensibilityGlobals) = postSolution
		SolutionGuid = {EE75CC69-2D31-4C18-9B5E-4357AC83B42E}
	EndGlobalSection
EndGlobal
